{
  "name": "ejeff",
  "version": "1.0.0",
  "lockfileVersion": 2,
  "requires": true,
  "packages": {
    "": {
      "name": "ejeff",
      "version": "1.0.0",
      "license": "GPL-3.0",
      "dependencies": {
        "@fortawesome/fontawesome-free": "^6.1.1",
        "bulma": "^0.9.4",
        "lightgallery": "^2.5.0"
      }
    },
    "node_modules/@fortawesome/fontawesome-free": {
      "version": "6.1.1",
      "resolved": "https://registry.npmjs.org/@fortawesome/fontawesome-free/-/fontawesome-free-6.1.1.tgz",
      "integrity": "sha512-J/3yg2AIXc9wznaVqpHVX3Wa5jwKovVF0AMYSnbmcXTiL3PpRPfF58pzWucCwEiCJBp+hCNRLWClTomD8SseKg==",
      "hasInstallScript": true,
      "engines": {
        "node": ">=6"
      }
    },
    "node_modules/bulma": {
      "version": "0.9.4",
      "resolved": "https://registry.npmjs.org/bulma/-/bulma-0.9.4.tgz",
      "integrity": "sha512-86FlT5+1GrsgKbPLRRY7cGDg8fsJiP/jzTqXXVqiUZZ2aZT8uemEOHlU1CDU+TxklPEZ11HZNNWclRBBecP4CQ=="
    },
    "node_modules/lightgallery": {
      "version": "2.5.0",
      "resolved": "https://registry.npmjs.org/lightgallery/-/lightgallery-2.5.0.tgz",
      "integrity": "sha512-pzg5gwflLGlKaK1VqDKpb7yqQ/WSV/TxFaHRR7ld7G5iOI9gkJZ2qKKo2lyqvTvu8yAqNYXoU0w9O/Dll6POkw==",
      "engines": {
        "node": ">=6.0.0"
      }
    }
  },
  "dependencies": {
    "@fortawesome/fontawesome-free": {
      "version": "6.1.1",
      "resolved": "https://registry.npmjs.org/@fortawesome/fontawesome-free/-/fontawesome-free-6.1.1.tgz",
      "integrity": "sha512-J/3yg2AIXc9wznaVqpHVX3Wa5jwKovVF0AMYSnbmcXTiL3PpRPfF58pzWucCwEiCJBp+hCNRLWClTomD8SseKg=="
    },
    "bulma": {
      "version": "0.9.4",
      "resolved": "https://registry.npmjs.org/bulma/-/bulma-0.9.4.tgz",
      "integrity": "sha512-86FlT5+1GrsgKbPLRRY7cGDg8fsJiP/jzTqXXVqiUZZ2aZT8uemEOHlU1CDU+TxklPEZ11HZNNWclRBBecP4CQ=="
    },
    "lightgallery": {
      "version": "2.5.0",
      "resolved": "https://registry.npmjs.org/lightgallery/-/lightgallery-2.5.0.tgz",
      "integrity": "sha512-pzg5gwflLGlKaK1VqDKpb7yqQ/WSV/TxFaHRR7ld7G5iOI9gkJZ2qKKo2lyqvTvu8yAqNYXoU0w9O/Dll6POkw=="
    }
  }
}
